
Microsoft Visual Studio Solution File, Format Version 12.00
# Visual Studio Version 17
VisualStudioVersion = 17.11.35312.102
MinimumVisualStudioVersion = 10.0.40219.1
Project("{FAE04EC0-301F-11D3-BF4B-00C04F79EFBC}") = "FixNullableAttribute", "FixNullableAttribute.csproj", "{CBBA3460-D50E-4E8E-A18A-59442CA0D4D1}"
EndProject
Global
	GlobalSection(SolutionConfigurationPlatforms) = preSolution
		Debug|Any CPU = Debug|Any CPU
		Release|Any CPU = Release|Any CPU
	EndGlobalSection
	GlobalSection(ProjectConfigurationPlatforms) = postSolution
		{CBBA3460-D50E-4E8E-A18A-59442CA0D4D1}.Debug|Any CPU.ActiveCfg = Debug|Any CPU
		{CBBA3460-D50E-4E8E-A18A-59442CA0D4D1}.Debug|Any CPU.Build.0 = Debug|Any CPU
		{CBBA3460-D50E-4E8E-A18A-59442CA0D4D1}.Release|Any CPU.ActiveCfg = Release|Any CPU
		{CBBA3460-D50E-4E8E-A18A-59442CA0D4D1}.Release|Any CPU.Build.0 = Release|Any CPU
	EndGlobalSection
	GlobalSection(SolutionProperties) = preSolution
		HideSolutionNode = FALSE
	EndGlobalSection
	GlobalSection(ExtensibilityGlobals) = postSolution
		SolutionGuid = {CAA62456-8352-408A-A4E2-85E7596FD6C4}
	EndGlobalSection
EndGlobal
